
Microsoft Visual Studio Solution File, Format Version 12.00
# Visual Studio Version 17
VisualStudioVersion = 17.8.34525.116
MinimumVisualStudioVersion = 10.0.40219.1
Project("{9A19103F-16F7-4668-BE54-9A1E7A4F7556}") = "FlowDance.Client", "FlowDance.Client\FlowDance.Client.csproj", "{D50B54D4-7CB8-438D-92F5-C7C87DD820E7}"
EndProject
Project("{9A19103F-16F7-4668-BE54-9A1E7A4F7556}") = "FlowDance.Common", "FlowDance.Common\FlowDance.Common.csproj", "{9A05BC35-6B47-4B0E-B6FE-FC0482573CE1}"
EndProject
Project("{2150E333-8FDC-42A3-9474-1A3956D46DE8}") = "Solution Items", "Solution Items", "{1183541A-94AA-436F-8F3A-7F825D836467}"
	ProjectSection(SolutionItems) = preProject
		docker-compose.yml = docker-compose.yml
		README.md = README.md
	EndProjectSection
EndProject
Project("{9A19103F-16F7-4668-BE54-9A1E7A4F7556}") = "FlowDance.AzureFunctions", "FlowDance.AzureFunctions\FlowDance.AzureFunctions.csproj", "{8117AA55-88D3-44E9-B205-EEB47C77031C}"
EndProject
Project("{9A19103F-16F7-4668-BE54-9A1E7A4F7556}") = "FlowDance.Tests", "FlowDance.Tests\FlowDance.Tests.csproj", "{1DF738A8-B9EA-4BD3-9704-C30F99C9FC19}"
EndProject
Project("{FAE04EC0-301F-11D3-BF4B-00C04F79EFBC}") = "FlowDance.Client.Legacy", "FlowDance.Client.Legacy\FlowDance.Client.Legacy.csproj", "{2AD48324-72B9-49ED-A2AC-972D762373CE}"
EndProject
Project("{FAE04EC0-301F-11D3-BF4B-00C04F79EFBC}") = "FlowDance.Test.Legacy", "FlowDance.Test.Legacy\FlowDance.Test.Legacy.csproj", "{D1E92428-0F99-4FC8-985E-4A6B4AF399AD}"
EndProject
Global
	GlobalSection(SolutionConfigurationPlatforms) = preSolution
		Debug|Any CPU = Debug|Any CPU
		Release|Any CPU = Release|Any CPU
	EndGlobalSection
	GlobalSection(ProjectConfigurationPlatforms) = postSolution
		{D50B54D4-7CB8-438D-92F5-C7C87DD820E7}.Debug|Any CPU.ActiveCfg = Debug|Any CPU
		{D50B54D4-7CB8-438D-92F5-C7C87DD820E7}.Debug|Any CPU.Build.0 = Debug|Any CPU
		{D50B54D4-7CB8-438D-92F5-C7C87DD820E7}.Release|Any CPU.ActiveCfg = Release|Any CPU
		{D50B54D4-7CB8-438D-92F5-C7C87DD820E7}.Release|Any CPU.Build.0 = Release|Any CPU
		{9A05BC35-6B47-4B0E-B6FE-FC0482573CE1}.Debug|Any CPU.ActiveCfg = Debug|Any CPU
		{9A05BC35-6B47-4B0E-B6FE-FC0482573CE1}.Debug|Any CPU.Build.0 = Debug|Any CPU
		{9A05BC35-6B47-4B0E-B6FE-FC0482573CE1}.Release|Any CPU.ActiveCfg = Release|Any CPU
		{9A05BC35-6B47-4B0E-B6FE-FC0482573CE1}.Release|Any CPU.Build.0 = Release|Any CPU
		{8117AA55-88D3-44E9-B205-EEB47C77031C}.Debug|Any CPU.ActiveCfg = Debug|Any CPU
		{8117AA55-88D3-44E9-B205-EEB47C77031C}.Debug|Any CPU.Build.0 = Debug|Any CPU
		{8117AA55-88D3-44E9-B205-EEB47C77031C}.Release|Any CPU.ActiveCfg = Release|Any CPU
		{8117AA55-88D3-44E9-B205-EEB47C77031C}.Release|Any CPU.Build.0 = Release|Any CPU
		{1DF738A8-B9EA-4BD3-9704-C30F99C9FC19}.Debug|Any CPU.ActiveCfg = Debug|Any CPU
		{1DF738A8-B9EA-4BD3-9704-C30F99C9FC19}.Debug|Any CPU.Build.0 = Debug|Any CPU
		{1DF738A8-B9EA-4BD3-9704-C30F99C9FC19}.Release|Any CPU.ActiveCfg = Release|Any CPU
		{1DF738A8-B9EA-4BD3-9704-C30F99C9FC19}.Release|Any CPU.Build.0 = Release|Any CPU
		{2AD48324-72B9-49ED-A2AC-972D762373CE}.Debug|Any CPU.ActiveCfg = Debug|Any CPU
		{2AD48324-72B9-49ED-A2AC-972D762373CE}.Debug|Any CPU.Build.0 = Debug|Any CPU
		{2AD48324-72B9-49ED-A2AC-972D762373CE}.Release|Any CPU.ActiveCfg = Release|Any CPU
		{2AD48324-72B9-49ED-A2AC-972D762373CE}.Release|Any CPU.Build.0 = Release|Any CPU
		{D1E92428-0F99-4FC8-985E-4A6B4AF399AD}.Debug|Any CPU.ActiveCfg = Debug|Any CPU
		{D1E92428-0F99-4FC8-985E-4A6B4AF399AD}.Debug|Any CPU.Build.0 = Debug|Any CPU
		{D1E92428-0F99-4FC8-985E-4A6B4AF399AD}.Release|Any CPU.ActiveCfg = Release|Any CPU
		{D1E92428-0F99-4FC8-985E-4A6B4AF399AD}.Release|Any CPU.Build.0 = Release|Any CPU
	EndGlobalSection
	GlobalSection(SolutionProperties) = preSolution
		HideSolutionNode = FALSE
	EndGlobalSection
	GlobalSection(ExtensibilityGlobals) = postSolution
		SolutionGuid = {8C823089-8A99-439D-8AAF-47A68936FEC1}
	EndGlobalSection
EndGlobal
