
Microsoft Visual Studio Solution File, Format Version 12.00
# Visual Studio Version 17
VisualStudioVersion = 17.8.34525.116
MinimumVisualStudioVersion = 10.0.40219.1
Project("{9A19103F-16F7-4668-BE54-9A1E7A4F7556}") = "ConsoleApp", "ConsoleApp\ConsoleApp.csproj", "{FE14E916-7989-4F39-9DFB-681A8FA5763C}"
EndProject
Project("{9A19103F-16F7-4668-BE54-9A1E7A4F7556}") = "TransactGuard.Client", "TransactGuard.Client\TransactGuard.Client.csproj", "{D50B54D4-7CB8-438D-92F5-C7C87DD820E7}"
EndProject
Project("{9A19103F-16F7-4668-BE54-9A1E7A4F7556}") = "TransactGuard.Common", "TransactGuard.Common\TransactGuard.Common.csproj", "{9A05BC35-6B47-4B0E-B6FE-FC0482573CE1}"
EndProject
Project("{2150E333-8FDC-42A3-9474-1A3956D46DE8}") = "Solution Items", "Solution Items", "{1183541A-94AA-436F-8F3A-7F825D836467}"
	ProjectSection(SolutionItems) = preProject
		README.md = README.md
	EndProjectSection
EndProject
Project("{FAE04EC0-301F-11D3-BF4B-00C04F79EFBC}") = "TransactGuard.AzureFunctions", "TransactGuard.AzureFunctions\TransactGuard.AzureFunctions.csproj", "{8117AA55-88D3-44E9-B205-EEB47C77031C}"
EndProject
Global
	GlobalSection(SolutionConfigurationPlatforms) = preSolution
		Debug|Any CPU = Debug|Any CPU
		Release|Any CPU = Release|Any CPU
	EndGlobalSection
	GlobalSection(ProjectConfigurationPlatforms) = postSolution
		{FE14E916-7989-4F39-9DFB-681A8FA5763C}.Debug|Any CPU.ActiveCfg = Debug|Any CPU
		{FE14E916-7989-4F39-9DFB-681A8FA5763C}.Debug|Any CPU.Build.0 = Debug|Any CPU
		{FE14E916-7989-4F39-9DFB-681A8FA5763C}.Release|Any CPU.ActiveCfg = Release|Any CPU
		{FE14E916-7989-4F39-9DFB-681A8FA5763C}.Release|Any CPU.Build.0 = Release|Any CPU
		{D50B54D4-7CB8-438D-92F5-C7C87DD820E7}.Debug|Any CPU.ActiveCfg = Debug|Any CPU
		{D50B54D4-7CB8-438D-92F5-C7C87DD820E7}.Debug|Any CPU.Build.0 = Debug|Any CPU
		{D50B54D4-7CB8-438D-92F5-C7C87DD820E7}.Release|Any CPU.ActiveCfg = Release|Any CPU
		{D50B54D4-7CB8-438D-92F5-C7C87DD820E7}.Release|Any CPU.Build.0 = Release|Any CPU
		{9A05BC35-6B47-4B0E-B6FE-FC0482573CE1}.Debug|Any CPU.ActiveCfg = Debug|Any CPU
		{9A05BC35-6B47-4B0E-B6FE-FC0482573CE1}.Debug|Any CPU.Build.0 = Debug|Any CPU
		{9A05BC35-6B47-4B0E-B6FE-FC0482573CE1}.Release|Any CPU.ActiveCfg = Release|Any CPU
		{9A05BC35-6B47-4B0E-B6FE-FC0482573CE1}.Release|Any CPU.Build.0 = Release|Any CPU
		{8117AA55-88D3-44E9-B205-EEB47C77031C}.Debug|Any CPU.ActiveCfg = Debug|Any CPU
		{8117AA55-88D3-44E9-B205-EEB47C77031C}.Debug|Any CPU.Build.0 = Debug|Any CPU
		{8117AA55-88D3-44E9-B205-EEB47C77031C}.Release|Any CPU.ActiveCfg = Release|Any CPU
		{8117AA55-88D3-44E9-B205-EEB47C77031C}.Release|Any CPU.Build.0 = Release|Any CPU
	EndGlobalSection
	GlobalSection(SolutionProperties) = preSolution
		HideSolutionNode = FALSE
	EndGlobalSection
	GlobalSection(ExtensibilityGlobals) = postSolution
		SolutionGuid = {8C823089-8A99-439D-8AAF-47A68936FEC1}
	EndGlobalSection
EndGlobal
